Microsoft Visual Studio Solution File, Format Version 11.00
# Visual Studio 2008

Project("{F24167B3-46E5-990F-1086-E99EAF86D18F}") = "family-lines_oneDay", "Assembly-CSharp.csproj", "{37E45338-41F5-8C99-A989-D2C81D2C74B3}"
EndProject
Global
	GlobalSection(SolutionConfigurationPlatforms) = preSolution
		Debug|Any CPU = Debug|Any CPU
		Release|Any CPU = Release|Any CPU
	EndGlobalSection
	GlobalSection(ProjectConfigurationPlatforms) = postSolution
		{37E45338-41F5-8C99-A989-D2C81D2C74B3}.Debug|Any CPU.ActiveCfg = Debug|Any CPU
		{37E45338-41F5-8C99-A989-D2C81D2C74B3}.Debug|Any CPU.Build.0 = Debug|Any CPU
		{37E45338-41F5-8C99-A989-D2C81D2C74B3}.Release|Any CPU.ActiveCfg = Release|Any CPU
		{37E45338-41F5-8C99-A989-D2C81D2C74B3}.Release|Any CPU.Build.0 = Release|Any CPU
	EndGlobalSection
	GlobalSection(SolutionProperties) = preSolution
		HideSolutionNode = FALSE
	EndGlobalSection
	
EndGlobal
